
Microsoft Visual Studio Solution File, Format Version 12.00
# Visual Studio Version 17
VisualStudioVersion = 17.8.34309.116
MinimumVisualStudioVersion = 10.0.40219.1
Project("{FAE04EC0-301F-11D3-BF4B-00C04F79EFBC}") = "PointService", "PointService.csproj", "{36959B38-15D4-49E8-94AC-33F73C1EE1A1}"
EndProject
Global
	GlobalSection(SolutionConfigurationPlatforms) = preSolution
		Debug|Any CPU = Debug|Any CPU
		Release|Any CPU = Release|Any CPU
	EndGlobalSection
	GlobalSection(ProjectConfigurationPlatforms) = postSolution
		{36959B38-15D4-49E8-94AC-33F73C1EE1A1}.Debug|Any CPU.ActiveCfg = Debug|Any CPU
		{36959B38-15D4-49E8-94AC-33F73C1EE1A1}.Debug|Any CPU.Build.0 = Debug|Any CPU
		{36959B38-15D4-49E8-94AC-33F73C1EE1A1}.Release|Any CPU.ActiveCfg = Release|Any CPU
		{36959B38-15D4-49E8-94AC-33F73C1EE1A1}.Release|Any CPU.Build.0 = Release|Any CPU
	EndGlobalSection
	GlobalSection(SolutionProperties) = preSolution
		HideSolutionNode = FALSE
	EndGlobalSection
	GlobalSection(ExtensibilityGlobals) = postSolution
		SolutionGuid = {C09B5094-8CA4-4ED1-94C8-26922978EB4E}
	EndGlobalSection
EndGlobal
